// !$*UTF8*$!
{
	archiveVersion = 1;
	classes = {
	};
	objectVersion = 46;
	objects = {

/* Begin PBXBuildFile section */
		1718414F1E88081D00AF655A /* AppDelegate.swift in Sources */ = {isa = PBXBuildFile; fileRef = 1718414E1E88081D00AF655A /* AppDelegate.swift */; };
		171841511E88081D00AF655A /* OrderViewController.swift in Sources */ = {isa = PBXBuildFile; fileRef = 171841501E88081D00AF655A /* OrderViewController.swift */; };
		171841541E88081D00AF655A /* Main.storyboard in Resources */ = {isa = PBXBuildFile; fileRef = 171841521E88081D00AF655A /* Main.storyboard */; };
		171841561E88081D00AF655A /* Assets.xcassets in Resources */ = {isa = PBXBuildFile; fileRef = 171841551E88081D00AF655A /* Assets.xcassets */; };
		171841591E88081D00AF655A /* LaunchScreen.storyboard in Resources */ = {isa = PBXBuildFile; fileRef = 171841571E88081D00AF655A /* LaunchScreen.storyboard */; };
		171841641E88081D00AF655A /* BeerFinderStoreDashboardTests.swift in Sources */ = {isa = PBXBuildFile; fileRef = 171841631E88081D00AF655A /* BeerFinderStoreDashboardTests.swift */; };
		1718416F1E88081D00AF655A /* BeerFinderStoreDashboardUITests.swift in Sources */ = {isa = PBXBuildFile; fileRef = 1718416E1E88081D00AF655A /* BeerFinderStoreDashboardUITests.swift */; };
		1718417D1E8812FF00AF655A /* GoogleService-Info.plist in Resources */ = {isa = PBXBuildFile; fileRef = 1718417C1E8812FF00AF655A /* GoogleService-Info.plist */; };
		5FA463CC198653EECB242E88 /* Pods_BeerFinderStoreDashboard.framework in Frameworks */ = {isa = PBXBuildFile; fileRef = 13A65227503EE10FA0364A09 /* Pods_BeerFinderStoreDashboard.framework */; };
/* End PBXBuildFile section */

/* Begin PBXContainerItemProxy section */
		171841601E88081D00AF655A /* PBXContainerItemProxy */ = {
			isa = PBXContainerItemProxy;
			containerPortal = 171841431E88081D00AF655A /* Project object */;
			proxyType = 1;
			remoteGlobalIDString = 1718414A1E88081D00AF655A;
			remoteInfo = BeerFinderStoreDashboard;
		};
		1718416B1E88081D00AF655A /* PBXContainerItemProxy */ = {
			isa = PBXContainerItemProxy;
			containerPortal = 171841431E88081D00AF655A /* Project object */;
			proxyType = 1;
			remoteGlobalIDString = 1718414A1E88081D00AF655A;
			remoteInfo = BeerFinderStoreDashboard;
		};
/* End PBXContainerItemProxy section */

/* Begin PBXFileReference section */
		13A65227503EE10FA0364A09 /* Pods_BeerFinderStoreDashboard.framework */ = {isa = PBXFileReference; explicitFileType = wrapper.framework; includeInIndex = 0; path = Pods_BeerFinderStoreDashboard.framework; sourceTree = BUILT_PRODUCTS_DIR; };
		1718414B1E88081D00AF655A /* BeerFinderStoreDashboard.app */ = {isa = PBXFileReference; explicitFileType = wrapper.application; includeInIndex = 0; path = BeerFinderStoreDashboard.app; sourceTree = BUILT_PRODUCTS_DIR; };
		1718414E1E88081D00AF655A /* AppDelegate.swift */ = {isa = PBXFileReference; lastKnownFileType = sourcecode.swift; path = AppDelegate.swift; sourceTree = "<group>"; };
		171841501E88081D00AF655A /* OrderViewController.swift */ = {isa = PBXFileReference; lastKnownFileType = sourcecode.swift; path = OrderViewController.swift; sourceTree = "<group>"; };
		171841531E88081D00AF655A /* Base */ = {isa = PBXFileReference; lastKnownFileType = file.storyboard; name = Base; path = Base.lproj/Main.storyboard; sourceTree = "<group>"; };
		171841551E88081D00AF655A /* Assets.xcassets */ = {isa = PBXFileReference; lastKnownFileType = folder.assetcatalog; path = Assets.xcassets; sourceTree = "<group>"; };
		171841581E88081D00AF655A /* Base */ = {isa = PBXFileReference; lastKnownFileType = file.storyboard; name = Base; path = Base.lproj/LaunchScreen.storyboard; sourceTree = "<group>"; };
		1718415A1E88081D00AF655A /* Info.plist */ = {isa = PBXFileReference; lastKnownFileType = text.plist.xml; path = Info.plist; sourceTree = "<group>"; };
		1718415F1E88081D00AF655A /* BeerFinderStoreDashboardTests.xctest */ = {isa = PBXFileReference; explicitFileType = wrapper.cfbundle; includeInIndex = 0; path = BeerFinderStoreDashboardTests.xctest; sourceTree = BUILT_PRODUCTS_DIR; };
		171841631E88081D00AF655A /* BeerFinderStoreDashboardTests.swift */ = {isa = PBXFileReference; lastKnownFileType = sourcecode.swift; path = BeerFinderStoreDashboardTests.swift; sourceTree = "<group>"; };
		171841651E88081D00AF655A /* Info.plist */ = {isa = PBXFileReference; lastKnownFileType = text.plist.xml; path = Info.plist; sourceTree = "<group>"; };
		1718416A1E88081D00AF655A /* BeerFinderStoreDashboardUITests.xctest */ = {isa = PBXFileReference; explicitFileType = wrapper.cfbundle; includeInIndex = 0; path = BeerFinderStoreDashboardUITests.xctest; sourceTree = BUILT_PRODUCTS_DIR; };
		1718416E1E88081D00AF655A /* BeerFinderStoreDashboardUITests.swift */ = {isa = PBXFileReference; lastKnownFileType = sourcecode.swift; path = BeerFinderStoreDashboardUITests.swift; sourceTree = "<group>"; };
		171841701E88081D00AF655A /* Info.plist */ = {isa = PBXFileReference; lastKnownFileType = text.plist.xml; path = Info.plist; sourceTree = "<group>"; };
		1718417C1E8812FF00AF655A /* GoogleService-Info.plist */ = {isa = PBXFileReference; fileEncoding = 4; lastKnownFileType = text.plist.xml; path = "GoogleService-Info.plist"; sourceTree = "<group>"; };
		1718417E1E88255E00AF655A /* BeerFinderStoreDashboard.entitlements */ = {isa = PBXFileReference; lastKnownFileType = text.plist.entitlements; path = BeerFinderStoreDashboard.entitlements; sourceTree = "<group>"; };
		78349A521A9DC3504A77D010 /* Pods-BeerFinderStoreDashboard.debug.xcconfig */ = {isa = PBXFileReference; includeInIndex = 1; lastKnownFileType = text.xcconfig; name = "Pods-BeerFinderStoreDashboard.debug.xcconfig"; path = "../Pods/Target Support Files/Pods-BeerFinderStoreDashboard/Pods-BeerFinderStoreDashboard.debug.xcconfig"; sourceTree = "<group>"; };
		C16F71C1B7761AC6830B19C8 /* Pods-BeerFinderStoreDashboard.release.xcconfig */ = {isa = PBXFileReference; includeInIndex = 1; lastKnownFileType = text.xcconfig; name = "Pods-BeerFinderStoreDashboard.release.xcconfig"; path = "../Pods/Target Support Files/Pods-BeerFinderStoreDashboard/Pods-BeerFinderStoreDashboard.release.xcconfig"; sourceTree = "<group>"; };
/* End PBXFileReference section */

/* Begin PBXFrameworksBuildPhase section */
		171841481E88081D00AF655A /* Frameworks */ = {
			isa = PBXFrameworksBuildPhase;
			buildActionMask = 2147483647;
			files = (
				5FA463CC198653EECB242E88 /* Pods_BeerFinderStoreDashboard.framework in Frameworks */,
			);
			runOnlyForDeploymentPostprocessing = 0;
		};
		1718415C1E88081D00AF655A /* Frameworks */ = {
			isa = PBXFrameworksBuildPhase;
			buildActionMask = 2147483647;
			files = (
			);
			runOnlyForDeploymentPostprocessing = 0;
		};
		171841671E88081D00AF655A /* Frameworks */ = {
			isa = PBXFrameworksBuildPhase;
			buildActionMask = 2147483647;
			files = (
			);
			runOnlyForDeploymentPostprocessing = 0;
		};
/* End PBXFrameworksBuildPhase section */

/* Begin PBXGroup section */
		171841421E88081D00AF655A = {
			isa = PBXGroup;
			children = (
				1718414D1E88081D00AF655A /* BeerFinderStoreDashboard */,
				171841621E88081D00AF655A /* BeerFinderStoreDashboardTests */,
				1718416D1E88081D00AF655A /* BeerFinderStoreDashboardUITests */,
				1718414C1E88081D00AF655A /* Products */,
				C7F0E2788B6668AE44E132D8 /* Pods */,
				C133F34B7C0689F52EF5E90D /* Frameworks */,
			);
			sourceTree = "<group>";
		};
		1718414C1E88081D00AF655A /* Products */ = {
			isa = PBXGroup;
			children = (
				1718414B1E88081D00AF655A /* BeerFinderStoreDashboard.app */,
				1718415F1E88081D00AF655A /* BeerFinderStoreDashboardTests.xctest */,
				1718416A1E88081D00AF655A /* BeerFinderStoreDashboardUITests.xctest */,
			);
			name = Products;
			sourceTree = "<group>";
		};
		1718414D1E88081D00AF655A /* BeerFinderStoreDashboard */ = {
			isa = PBXGroup;
			children = (
				1718417E1E88255E00AF655A /* BeerFinderStoreDashboard.entitlements */,
				1718414E1E88081D00AF655A /* AppDelegate.swift */,
				171841501E88081D00AF655A /* OrderViewController.swift */,
				171841521E88081D00AF655A /* Main.storyboard */,
				171841551E88081D00AF655A /* Assets.xcassets */,
				171841571E88081D00AF655A /* LaunchScreen.storyboard */,
				1718415A1E88081D00AF655A /* Info.plist */,
				1718417C1E8812FF00AF655A /* GoogleService-Info.plist */,
			);
			path = BeerFinderStoreDashboard;
			sourceTree = "<group>";
		};
		171841621E88081D00AF655A /* BeerFinderStoreDashboardTests */ = {
			isa = PBXGroup;
			children = (
				171841631E88081D00AF655A /* BeerFinderStoreDashboardTests.swift */,
				171841651E88081D00AF655A /* Info.plist */,
			);
			path = BeerFinderStoreDashboardTests;
			sourceTree = "<group>";
		};
		1718416D1E88081D00AF655A /* BeerFinderStoreDashboardUITests */ = {
			isa = PBXGroup;
			children = (
				1718416E1E88081D00AF655A /* BeerFinderStoreDashboardUITests.swift */,
				171841701E88081D00AF655A /* Info.plist */,
			);
			path = BeerFinderStoreDashboardUITests;
			sourceTree = "<group>";
		};
		C133F34B7C0689F52EF5E90D /* Frameworks */ = {
			isa = PBXGroup;
			children = (
				13A65227503EE10FA0364A09 /* Pods_BeerFinderStoreDashboard.framework */,
			);
			name = Frameworks;
			sourceTree = "<group>";
		};
		C7F0E2788B6668AE44E132D8 /* Pods */ = {
			isa = PBXGroup;
			children = (
				78349A521A9DC3504A77D010 /* Pods-BeerFinderStoreDashboard.debug.xcconfig */,
				C16F71C1B7761AC6830B19C8 /* Pods-BeerFinderStoreDashboard.release.xcconfig */,
			);
			name = Pods;
			sourceTree = "<group>";
		};
/* End PBXGroup section */

/* Begin PBXNativeTarget section */
		1718414A1E88081D00AF655A /* BeerFinderStoreDashboard */ = {
			isa = PBXNativeTarget;
			buildConfigurationList = 171841731E88081D00AF655A /* Build configuration list for PBXNativeTarget "BeerFinderStoreDashboard" */;
			buildPhases = (
				7233DD9C512A45AA679F6B1B /* [CP] Check Pods Manifest.lock */,
				171841471E88081D00AF655A /* Sources */,
				171841481E88081D00AF655A /* Frameworks */,
				171841491E88081D00AF655A /* Resources */,
				B5EB974D03EE5834B3908434 /* [CP] Embed Pods Frameworks */,
				221BA01C68C18D7A0A0C5E0B /* [CP] Copy Pods Resources */,
			);
			buildRules = (
			);
			dependencies = (
			);
			name = BeerFinderStoreDashboard;
			productName = BeerFinderStoreDashboard;
			productReference = 1718414B1E88081D00AF655A /* BeerFinderStoreDashboard.app */;
			productType = "com.apple.product-type.application";
		};
		1718415E1E88081D00AF655A /* BeerFinderStoreDashboardTests */ = {
			isa = PBXNativeTarget;
			buildConfigurationList = 171841761E88081D00AF655A /* Build configuration list for PBXNativeTarget "BeerFinderStoreDashboardTests" */;
			buildPhases = (
				1718415B1E88081D00AF655A /* Sources */,
				1718415C1E88081D00AF655A /* Frameworks */,
				1718415D1E88081D00AF655A /* Resources */,
			);
			buildRules = (
			);
			dependencies = (
				171841611E88081D00AF655A /* PBXTargetDependency */,
			);
			name = BeerFinderStoreDashboardTests;
			productName = BeerFinderStoreDashboardTests;
			productReference = 1718415F1E88081D00AF655A /* BeerFinderStoreDashboardTests.xctest */;
			productType = "com.apple.product-type.bundle.unit-test";
		};
		171841691E88081D00AF655A /* BeerFinderStoreDashboardUITests */ = {
			isa = PBXNativeTarget;
			buildConfigurationList = 171841791E88081D00AF655A /* Build configuration list for PBXNativeTarget "BeerFinderStoreDashboardUITests" */;
			buildPhases = (
				171841661E88081D00AF655A /* Sources */,
				171841671E88081D00AF655A /* Frameworks */,
				171841681E88081D00AF655A /* Resources */,
			);
			buildRules = (
			);
			dependencies = (
				1718416C1E88081D00AF655A /* PBXTargetDependency */,
			);
			name = BeerFinderStoreDashboardUITests;
			productName = BeerFinderStoreDashboardUITests;
			productReference = 1718416A1E88081D00AF655A /* BeerFinderStoreDashboardUITests.xctest */;
			productType = "com.apple.product-type.bundle.ui-testing";
		};
/* End PBXNativeTarget section */

/* Begin PBXProject section */
		171841431E88081D00AF655A /* Project object */ = {
			isa = PBXProject;
			attributes = {
				LastSwiftUpdateCheck = 0820;
				LastUpgradeCheck = 0820;
				ORGANIZATIONNAME = "Henry Dinhofer";
				TargetAttributes = {
					1718414A1E88081D00AF655A = {
						CreatedOnToolsVersion = 8.2;
						DevelopmentTeam = 9DUF68P9SK;
						ProvisioningStyle = Automatic;
						SystemCapabilities = {
							com.apple.Push = {
								enabled = 1;
							};
						};
					};
					1718415E1E88081D00AF655A = {
						CreatedOnToolsVersion = 8.2;
						DevelopmentTeam = 9DUF68P9SK;
						ProvisioningStyle = Automatic;
						TestTargetID = 1718414A1E88081D00AF655A;
					};
					171841691E88081D00AF655A = {
						CreatedOnToolsVersion = 8.2;
						DevelopmentTeam = 9DUF68P9SK;
						ProvisioningStyle = Automatic;
						TestTargetID = 1718414A1E88081D00AF655A;
					};
				};
			};
			buildConfigurationList = 171841461E88081D00AF655A /* Build configuration list for PBXProject "BeerFinderStoreDashboard" */;
			compatibilityVersion = "Xcode 3.2";
			developmentRegion = English;
			hasScannedForEncodings = 0;
			knownRegions = (
				en,
				Base,
			);
			mainGroup = 171841421E88081D00AF655A;
			productRefGroup = 1718414C1E88081D00AF655A /* Products */;
			projectDirPath = "";
			projectRoot = "";
			targets = (
				1718414A1E88081D00AF655A /* BeerFinderStoreDashboard */,
				1718415E1E88081D00AF655A /* BeerFinderStoreDashboardTests */,
				171841691E88081D00AF655A /* BeerFinderStoreDashboardUITests */,
			);
		};
/* End PBXProject section */

/* Begin PBXResourcesBuildPhase section */
		171841491E88081D00AF655A /* Resources */ = {
			isa = PBXResourcesBuildPhase;
			buildActionMask = 2147483647;
			files = (
				171841591E88081D00AF655A /* LaunchScreen.storyboard in Resources */,
				1718417D1E8812FF00AF655A /* GoogleService-Info.plist in Resources */,
				171841561E88081D00AF655A /* Assets.xcassets in Resources */,
				171841541E88081D00AF655A /* Main.storyboard in Resources */,
			);
			runOnlyForDeploymentPostprocessing = 0;
		};
		1718415D1E88081D00AF655A /* Resources */ = {
			isa = PBXResourcesBuildPhase;
			buildActionMask = 2147483647;
			files = (
			);
			runOnlyForDeploymentPostprocessing = 0;
		};
		171841681E88081D00AF655A /* Resources */ = {
			isa = PBXResourcesBuildPhase;
			buildActionMask = 2147483647;
			files = (
			);
			runOnlyForDeploymentPostprocessing = 0;
		};
/* End PBXResourcesBuildPhase section */

/* Begin PBXShellScriptBuildPhase section */
		221BA01C68C18D7A0A0C5E0B /* [CP] Copy Pods Resources */ = {
			isa = PBXShellScriptBuildPhase;
			buildActionMask = 2147483647;
			files = (
			);
			inputPaths = (
			);
			name = "[CP] Copy Pods Resources";
			outputPaths = (
			);
			runOnlyForDeploymentPostprocessing = 0;
			shellPath = /bin/sh;
			shellScript = "\"${SRCROOT}/../Pods/Target Support Files/Pods-BeerFinderStoreDashboard/Pods-BeerFinderStoreDashboard-resources.sh\"\n";
			showEnvVarsInLog = 0;
		};
		7233DD9C512A45AA679F6B1B /* [CP] Check Pods Manifest.lock */ = {
			isa = PBXShellScriptBuildPhase;
			buildActionMask = 2147483647;
			files = (
			);
			inputPaths = (
			);
			name = "[CP] Check Pods Manifest.lock";
			outputPaths = (
			);
			runOnlyForDeploymentPostprocessing = 0;
			shellPath = /bin/sh;
			shellScript = "diff \"${PODS_ROOT}/../Podfile.lock\" \"${PODS_ROOT}/Manifest.lock\" > /dev/null\nif [ $? != 0 ] ; then\n    # print error to STDERR\n    echo \"error: The sandbox is not in sync with the Podfile.lock. Run 'pod install' or update your CocoaPods installation.\" >&2\n    exit 1\nfi\n";
			showEnvVarsInLog = 0;
		};
		B5EB974D03EE5834B3908434 /* [CP] Embed Pods Frameworks */ = {
			isa = PBXShellScriptBuildPhase;
			buildActionMask = 2147483647;
			files = (
			);
			inputPaths = (
			);
			name = "[CP] Embed Pods Frameworks";
			outputPaths = (
			);
			runOnlyForDeploymentPostprocessing = 0;
			shellPath = /bin/sh;
			shellScript = "\"${SRCROOT}/../Pods/Target Support Files/Pods-BeerFinderStoreDashboard/Pods-BeerFinderStoreDashboard-frameworks.sh\"\n";
			showEnvVarsInLog = 0;
		};
/* End PBXShellScriptBuildPhase section */

/* Begin PBXSourcesBuildPhase section */
		171841471E88081D00AF655A /* Sources */ = {
			isa = PBXSourcesBuildPhase;
			buildActionMask = 2147483647;
			files = (
				171841511E88081D00AF655A /* OrderViewController.swift in Sources */,
				1718414F1E88081D00AF655A /* AppDelegate.swift in Sources */,
			);
			runOnlyForDeploymentPostprocessing = 0;
		};
		1718415B1E88081D00AF655A /* Sources */ = {
			isa = PBXSourcesBuildPhase;
			buildActionMask = 2147483647;
			files = (
				171841641E88081D00AF655A /* BeerFinderStoreDashboardTests.swift in Sources */,
			);
			runOnlyForDeploymentPostprocessing = 0;
		};
		171841661E88081D00AF655A /* Sources */ = {
			isa = PBXSourcesBuildPhase;
			buildActionMask = 2147483647;
			files = (
				1718416F1E88081D00AF655A /* BeerFinderStoreDashboardUITests.swift in Sources */,
			);
			runOnlyForDeploymentPostprocessing = 0;
		};
/* End PBXSourcesBuildPhase section */

/* Begin PBXTargetDependency section */
		171841611E88081D00AF655A /* PBXTargetDependency */ = {
			isa = PBXTargetDependency;
			target = 1718414A1E88081D00AF655A /* BeerFinderStoreDashboard */;
			targetProxy = 171841601E88081D00AF655A /* PBXContainerItemProxy */;
		};
		1718416C1E88081D00AF655A /* PBXTargetDependency */ = {
			isa = PBXTargetDependency;
			target = 1718414A1E88081D00AF655A /* BeerFinderStoreDashboard */;
			targetProxy = 1718416B1E88081D00AF655A /* PBXContainerItemProxy */;
		};
/* End PBXTargetDependency section */

/* Begin PBXVariantGroup section */
		171841521E88081D00AF655A /* Main.storyboard */ = {
			isa = PBXVariantGroup;
			children = (
				171841531E88081D00AF655A /* Base */,
			);
			name = Main.storyboard;
			sourceTree = "<group>";
		};
		171841571E88081D00AF655A /* LaunchScreen.storyboard */ = {
			isa = PBXVariantGroup;
			children = (
				171841581E88081D00AF655A /* Base */,
			);
			name = LaunchScreen.storyboard;
			sourceTree = "<group>";
		};
/* End PBXVariantGroup section */

/* Begin XCBuildConfiguration section */
		171841711E88081D00AF655A /* Debug */ = {
			isa = XCBuildConfiguration;
			buildSettings = {
				ALWAYS_SEARCH_USER_PATHS = NO;
				CLANG_ANALYZER_NONNULL = YES;
				CLANG_CXX_LANGUAGE_STANDARD = "gnu++0x";
				CLANG_CXX_LIBRARY = "libc++";
				CLANG_ENABLE_MODULES = YES;
				CLANG_ENABLE_OBJC_ARC = YES;
				CLANG_WARN_BOOL_CONVERSION = YES;
				CLANG_WARN_CONSTANT_CONVERSION = YES;
				CLANG_WARN_DIRECT_OBJC_ISA_USAGE = YES_ERROR;
				CLANG_WARN_DOCUMENTATION_COMMENTS = YES;
				CLANG_WARN_EMPTY_BODY = YES;
				CLANG_WARN_ENUM_CONVERSION = YES;
				CLANG_WARN_INFINITE_RECURSION = YES;
				CLANG_WARN_INT_CONVERSION = YES;
				CLANG_WARN_OBJC_ROOT_CLASS = YES_ERROR;
				CLANG_WARN_SUSPICIOUS_MOVE = YES;
				CLANG_WARN_UNREACHABLE_CODE = YES;
				CLANG_WARN__DUPLICATE_METHOD_MATCH = YES;
				"CODE_SIGN_IDENTITY[sdk=iphoneos*]" = "iPhone Developer";
				COPY_PHASE_STRIP = NO;
				DEBUG_INFORMATION_FORMAT = dwarf;
				ENABLE_STRICT_OBJC_MSGSEND = YES;
				ENABLE_TESTABILITY = YES;
				GCC_C_LANGUAGE_STANDARD = gnu99;
				GCC_DYNAMIC_NO_PIC = NO;
				GCC_NO_COMMON_BLOCKS = YES;
				GCC_OPTIMIZATION_LEVEL = 0;
				GCC_PREPROCESSOR_DEFINITIONS = (
					"DEBUG=1",
					"$(inherited)",
				);
				GCC_WARN_64_TO_32_BIT_CONVERSION = YES;
				GCC_WARN_ABOUT_RETURN_TYPE = YES_ERROR;
				GCC_WARN_UNDECLARED_SELECTOR = YES;
				GCC_WARN_UNINITIALIZED_AUTOS = YES_AGGRESSIVE;
				GCC_WARN_UNUSED_FUNCTION = YES;
				GCC_WARN_UNUSED_VARIABLE = YES;
				IPHONEOS_DEPLOYMENT_TARGET = 10.2;
				MTL_ENABLE_DEBUG_INFO = YES;
				ONLY_ACTIVE_ARCH = YES;
				SDKROOT = iphoneos;
				SWIFT_ACTIVE_COMPILATION_CONDITIONS = DEBUG;
				SWIFT_OPTIMIZATION_LEVEL = "-Onone";
				TARGETED_DEVICE_FAMILY = "1,2";
			};
			name = Debug;
		};
		171841721E88081D00AF655A /* Release */ = {
			isa = XCBuildConfiguration;
			buildSettings = {
				ALWAYS_SEARCH_USER_PATHS = NO;
				CLANG_ANALYZER_NONNULL = YES;
				CLANG_CXX_LANGUAGE_STANDARD = "gnu++0x";
				CLANG_CXX_LIBRARY = "libc++";
				CLANG_ENABLE_MODULES = YES;
				CLANG_ENABLE_OBJC_ARC = YES;
				CLANG_WARN_BOOL_CONVERSION = YES;
				CLANG_WARN_CONSTANT_CONVERSION = YES;
				CLANG_WARN_DIRECT_OBJC_ISA_USAGE = YES_ERROR;
				CLANG_WARN_DOCUMENTATION_COMMENTS = YES;
				CLANG_WARN_EMPTY_BODY = YES;
				CLANG_WARN_ENUM_CONVERSION = YES;
				CLANG_WARN_INFINITE_RECURSION = YES;
				CLANG_WARN_INT_CONVERSION = YES;
				CLANG_WARN_OBJC_ROOT_CLASS = YES_ERROR;
				CLANG_WARN_SUSPICIOUS_MOVE = YES;
				CLANG_WARN_UNREACHABLE_CODE = YES;
				CLANG_WARN__DUPLICATE_METHOD_MATCH = YES;
				"CODE_SIGN_IDENTITY[sdk=iphoneos*]" = "iPhone Developer";
				COPY_PHASE_STRIP = NO;
				DEBUG_INFORMATION_FORMAT = "dwarf-with-dsym";
				ENABLE_NS_ASSERTIONS = NO;
				ENABLE_STRICT_OBJC_MSGSEND = YES;
				GCC_C_LANGUAGE_STANDARD = gnu99;
				GCC_NO_COMMON_BLOCKS = YES;
				GCC_WARN_64_TO_32_BIT_CONVERSION = YES;
				GCC_WARN_ABOUT_RETURN_TYPE = YES_ERROR;
				GCC_WARN_UNDECLARED_SELECTOR = YES;
				GCC_WARN_UNINITIALIZED_AUTOS = YES_AGGRESSIVE;
				GCC_WARN_UNUSED_FUNCTION = YES;
				GCC_WARN_UNUSED_VARIABLE = YES;
				IPHONEOS_DEPLOYMENT_TARGET = 10.2;
				MTL_ENABLE_DEBUG_INFO = NO;
				SDKROOT = iphoneos;
				SWIFT_OPTIMIZATION_LEVEL = "-Owholemodule";
				TARGETED_DEVICE_FAMILY = "1,2";
				VALIDATE_PRODUCT = YES;
			};
			name = Release;
		};
		171841741E88081D00AF655A /* Debug */ = {
			isa = XCBuildConfiguration;
			baseConfigurationReference = 78349A521A9DC3504A77D010 /* Pods-BeerFinderStoreDashboard.debug.xcconfig */;
			buildSettings = {
				ASSETCATALOG_COMPILER_APPICON_NAME = AppIcon;
				CODE_SIGN_ENTITLEMENTS = BeerFinderStoreDashboard/BeerFinderStoreDashboard.entitlements;
				DEVELOPMENT_TEAM = 9DUF68P9SK;
				INFOPLIST_FILE = BeerFinderStoreDashboard/Info.plist;
				LD_RUNPATH_SEARCH_PATHS = "$(inherited) @executable_path/Frameworks";
				PRODUCT_BUNDLE_IDENTIFIER = com.henry.BeerFinderStoreDashboard;
				PRODUCT_NAME = "$(TARGET_NAME)";
				SWIFT_VERSION = 3.0;
			};
			name = Debug;
		};
		171841751E88081D00AF655A /* Release */ = {
			isa = XCBuildConfiguration;
			baseConfigurationReference = C16F71C1B7761AC6830B19C8 /* Pods-BeerFinderStoreDashboard.release.xcconfig */;
			buildSettings = {
				ASSETCATALOG_COMPILER_APPICON_NAME = AppIcon;
				CODE_SIGN_ENTITLEMENTS = BeerFinderStoreDashboard/BeerFinderStoreDashboard.entitlements;
				DEVELOPMENT_TEAM = 9DUF68P9SK;
				INFOPLIST_FILE = BeerFinderStoreDashboard/Info.plist;
				LD_RUNPATH_SEARCH_PATHS = "$(inherited) @executable_path/Frameworks";
				PRODUCT_BUNDLE_IDENTIFIER = com.henry.BeerFinderStoreDashboard;
				PRODUCT_NAME = "$(TARGET_NAME)";
				SWIFT_VERSION = 3.0;
			};
			name = Release;
		};
		171841771E88081D00AF655A /* Debug */ = {
			isa = XCBuildConfiguration;
			buildSettings = {
				ALWAYS_EMBED_SWIFT_STANDARD_LIBRARIES = YES;
				BUNDLE_LOADER = "$(TEST_HOST)";
				DEVELOPMENT_TEAM = 9DUF68P9SK;
				INFOPLIST_FILE = BeerFinderStoreDashboardTests/Info.plist;
				LD_RUNPATH_SEARCH_PATHS = "$(inherited) @executable_path/Frameworks @loader_path/Frameworks";
				PRODUCT_BUNDLE_IDENTIFIER = com.henry.BeerFinderStoreDashboardTests;
				PRODUCT_NAME = "$(TARGET_NAME)";
				SWIFT_VERSION = 3.0;
				TEST_HOST = "$(BUILT_PRODUCTS_DIR)/BeerFinderStoreDashboard.app/BeerFinderStoreDashboard";
			};
			name = Debug;
		};
		171841781E88081D00AF655A /* Release */ = {
			isa = XCBuildConfiguration;
			buildSettings = {
				ALWAYS_EMBED_SWIFT_STANDARD_LIBRARIES = YES;
				BUNDLE_LOADER = "$(TEST_HOST)";
				DEVELOPMENT_TEAM = 9DUF68P9SK;
				INFOPLIST_FILE = BeerFinderStoreDashboardTests/Info.plist;
				LD_RUNPATH_SEARCH_PATHS = "$(inherited) @executable_path/Frameworks @loader_path/Frameworks";
				PRODUCT_BUNDLE_IDENTIFIER = com.henry.BeerFinderStoreDashboardTests;
				PRODUCT_NAME = "$(TARGET_NAME)";
				SWIFT_VERSION = 3.0;
				TEST_HOST = "$(BUILT_PRODUCTS_DIR)/BeerFinderStoreDashboard.app/BeerFinderStoreDashboard";
			};
			name = Release;
		};
		1718417A1E88081D00AF655A /* Debug */ = {
			isa = XCBuildConfiguration;
			buildSettings = {
				ALWAYS_EMBED_SWIFT_STANDARD_LIBRARIES = YES;
				DEVELOPMENT_TEAM = 9DUF68P9SK;
				INFOPLIST_FILE = BeerFinderStoreDashboardUITests/Info.plist;
				LD_RUNPATH_SEARCH_PATHS = "$(inherited) @executable_path/Frameworks @loader_path/Frameworks";
				PRODUCT_BUNDLE_IDENTIFIER = com.henry.BeerFinderStoreDashboardUITests;
				PRODUCT_NAME = "$(TARGET_NAME)";
				SWIFT_VERSION = 3.0;
				TEST_TARGET_NAME = BeerFinderStoreDashboard;
			};
			name = Debug;
		};
		1718417B1E88081D00AF655A /* Release */ = {
			isa = XCBuildConfiguration;
			buildSettings = {
				ALWAYS_EMBED_SWIFT_STANDARD_LIBRARIES = YES;
				DEVELOPMENT_TEAM = 9DUF68P9SK;
				INFOPLIST_FILE = BeerFinderStoreDashboardUITests/Info.plist;
				LD_RUNPATH_SEARCH_PATHS = "$(inherited) @executable_path/Frameworks @loader_path/Frameworks";
				PRODUCT_BUNDLE_IDENTIFIER = com.henry.BeerFinderStoreDashboardUITests;
				PRODUCT_NAME = "$(TARGET_NAME)";
				SWIFT_VERSION = 3.0;
				TEST_TARGET_NAME = BeerFinderStoreDashboard;
			};
			name = Release;
		};
/* End XCBuildConfiguration section */

/* Begin XCConfigurationList section */
		171841461E88081D00AF655A /* Build configuration list for PBXProject "BeerFinderStoreDashboard" */ = {
			isa = XCConfigurationList;
			buildConfigurations = (
				171841711E88081D00AF655A /* Debug */,
				171841721E88081D00AF655A /* Release */,
			);
			defaultConfigurationIsVisible = 0;
			defaultConfigurationName = Release;
		};
		171841731E88081D00AF655A /* Build configuration list for PBXNativeTarget "BeerFinderStoreDashboard" */ = {
			isa = XCConfigurationList;
			buildConfigurations = (
				171841741E88081D00AF655A /* Debug */,
				171841751E88081D00AF655A /* Release */,
			);
			defaultConfigurationIsVisible = 0;
			defaultConfigurationName = Release;
		};
		171841761E88081D00AF655A /* Build configuration list for PBXNativeTarget "BeerFinderStoreDashboardTests" */ = {
			isa = XCConfigurationList;
			buildConfigurations = (
				171841771E88081D00AF655A /* Debug */,
				171841781E88081D00AF655A /* Release */,
			);
			defaultConfigurationIsVisible = 0;
			defaultConfigurationName = Release;
		};
		171841791E88081D00AF655A /* Build configuration list for PBXNativeTarget "BeerFinderStoreDashboardUITests" */ = {
			isa = XCConfigurationList;
			buildConfigurations = (
				1718417A1E88081D00AF655A /* Debug */,
				1718417B1E88081D00AF655A /* Release */,
			);
			defaultConfigurationIsVisible = 0;
			defaultConfigurationName = Release;
		};
/* End XCConfigurationList section */
	};
	rootObject = 171841431E88081D00AF655A /* Project object */;
}
